
Microsoft Visual Studio Solution File, Format Version 12.00
# Visual Studio Version 17
VisualStudioVersion = 17.3.32825.248
MinimumVisualStudioVersion = 10.0.40219.1
Project("{9A19103F-16F7-4668-BE54-9A1E7A4F7556}") = "AutomotrizBackend", "AutomotrizBackend\AutomotrizBackend.csproj", "{A193A409-331F-4E3A-9B15-92CCA2B7FC29}"
EndProject
Project("{9A19103F-16F7-4668-BE54-9A1E7A4F7556}") = "AutomotrizFront", "AutomotrizFront\AutomotrizFront.csproj", "{0739C73A-64EC-4118-B41E-1DB9998F2496}"
EndProject
Project("{9A19103F-16F7-4668-BE54-9A1E7A4F7556}") = "WebApiAutomotriz", "WebApiAutomotriz\WebApiAutomotriz.csproj", "{C793F761-3119-4374-B9A8-C01E13251FA5}"
EndProject
Global
	GlobalSection(SolutionConfigurationPlatforms) = preSolution
		Debug|Any CPU = Debug|Any CPU
		Release|Any CPU = Release|Any CPU
	EndGlobalSection
	GlobalSection(ProjectConfigurationPlatforms) = postSolution
		{A193A409-331F-4E3A-9B15-92CCA2B7FC29}.Debug|Any CPU.ActiveCfg = Debug|Any CPU
		{A193A409-331F-4E3A-9B15-92CCA2B7FC29}.Debug|Any CPU.Build.0 = Debug|Any CPU
		{A193A409-331F-4E3A-9B15-92CCA2B7FC29}.Release|Any CPU.ActiveCfg = Release|Any CPU
		{A193A409-331F-4E3A-9B15-92CCA2B7FC29}.Release|Any CPU.Build.0 = Release|Any CPU
		{0739C73A-64EC-4118-B41E-1DB9998F2496}.Debug|Any CPU.ActiveCfg = Debug|Any CPU
		{0739C73A-64EC-4118-B41E-1DB9998F2496}.Debug|Any CPU.Build.0 = Debug|Any CPU
		{0739C73A-64EC-4118-B41E-1DB9998F2496}.Release|Any CPU.ActiveCfg = Release|Any CPU
		{0739C73A-64EC-4118-B41E-1DB9998F2496}.Release|Any CPU.Build.0 = Release|Any CPU
		{C793F761-3119-4374-B9A8-C01E13251FA5}.Debug|Any CPU.ActiveCfg = Debug|Any CPU
		{C793F761-3119-4374-B9A8-C01E13251FA5}.Debug|Any CPU.Build.0 = Debug|Any CPU
		{C793F761-3119-4374-B9A8-C01E13251FA5}.Release|Any CPU.ActiveCfg = Release|Any CPU
		{C793F761-3119-4374-B9A8-C01E13251FA5}.Release|Any CPU.Build.0 = Release|Any CPU
	EndGlobalSection
	GlobalSection(SolutionProperties) = preSolution
		HideSolutionNode = FALSE
	EndGlobalSection
	GlobalSection(ExtensibilityGlobals) = postSolution
		SolutionGuid = {528E50CE-A06C-4047-92B9-5208940BF95A}
	EndGlobalSection
EndGlobal
